Microsoft Visual Studio Solution File, Format Version 12.00
# Visual Studio Version 17
VisualStudioVersion = 17.5.2.0
MinimumVisualStudioVersion = 10.0.40219.1
Project("{FAE04EC0-301F-11D3-BF4B-00C04F79EFBC}") = "Project01Intro", "Project01Intro\Project01Intro.csproj", "{28ACB111-60CF-F26F-FC2D-BD1058AAF7FF}"
EndProject
Global
	GlobalSection(SolutionConfigurationPlatforms) = preSolution
		Debug|Any CPU = Debug|Any CPU
		Release|Any CPU = Release|Any CPU
	EndGlobalSection
	GlobalSection(ProjectConfigurationPlatforms) = postSolution
		{28ACB111-60CF-F26F-FC2D-BD1058AAF7FF}.Debug|Any CPU.ActiveCfg = Debug|Any CPU
		{28ACB111-60CF-F26F-FC2D-BD1058AAF7FF}.Debug|Any CPU.Build.0 = Debug|Any CPU
		{28ACB111-60CF-F26F-FC2D-BD1058AAF7FF}.Release|Any CPU.ActiveCfg = Release|Any CPU
		{28ACB111-60CF-F26F-FC2D-BD1058AAF7FF}.Release|Any CPU.Build.0 = Release|Any CPU
	EndGlobalSection
	GlobalSection(SolutionProperties) = preSolution
		HideSolutionNode = FALSE
	EndGlobalSection
	GlobalSection(ExtensibilityGlobals) = postSolution
		SolutionGuid = {3478B050-7927-470D-B9F1-840B0EB4D8F5}
	EndGlobalSection
EndGlobal
